
Microsoft Visual Studio Solution File, Format Version 12.00
# Visual Studio Version 16
VisualStudioVersion = 16.0.32126.315
MinimumVisualStudioVersion = 10.0.40219.1
Project("{FAE04EC0-301F-11D3-BF4B-00C04F79EFBC}") = "CuaHangTheThao", "CuaHangTheThao\CuaHangTheThao.csproj", "{418DC9BC-16F4-423D-B426-1F318D6F384C}"
EndProject
Global
	GlobalSection(SolutionConfigurationPlatforms) = preSolution
		Debug|Any CPU = Debug|Any CPU
		Release|Any CPU = Release|Any CPU
	EndGlobalSection
	GlobalSection(ProjectConfigurationPlatforms) = postSolution
		{418DC9BC-16F4-423D-B426-1F318D6F384C}.Debug|Any CPU.ActiveCfg = Debug|Any CPU
		{418DC9BC-16F4-423D-B426-1F318D6F384C}.Debug|Any CPU.Build.0 = Debug|Any CPU
		{418DC9BC-16F4-423D-B426-1F318D6F384C}.Release|Any CPU.ActiveCfg = Release|Any CPU
		{418DC9BC-16F4-423D-B426-1F318D6F384C}.Release|Any CPU.Build.0 = Release|Any CPU
	EndGlobalSection
	GlobalSection(SolutionProperties) = preSolution
		HideSolutionNode = FALSE
	EndGlobalSection
	GlobalSection(ExtensibilityGlobals) = postSolution
		SolutionGuid = {90CE5CD5-4297-45FB-B0DB-1E05B5557314}
	EndGlobalSection
EndGlobal
